// !$*UTF8*$!
{
	archiveVersion = 1;
	classes = {
	};
	objectVersion = 56;
	objects = {

/* Begin PBXBuildFile section */
		43787C3A2BD9849E0015C536 /* TBtnExtension.swift in Sources */ = {isa = PBXBuildFile; fileRef = 43787C392BD9849E0015C536 /* TBtnExtension.swift */; };
		43E0A2BC2BD444BD00C1F915 /* SocketIoDemoApp.swift in Sources */ = {isa = PBXBuildFile; fileRef = 43E0A2BB2BD444BD00C1F915 /* SocketIoDemoApp.swift */; };
		43E0A2BE2BD444BD00C1F915 /* ContentView.swift in Sources */ = {isa = PBXBuildFile; fileRef = 43E0A2BD2BD444BD00C1F915 /* ContentView.swift */; };
		43E0A2C02BD444C100C1F915 /* Assets.xcassets in Resources */ = {isa = PBXBuildFile; fileRef = 43E0A2BF2BD444C100C1F915 /* Assets.xcassets */; };
		43E0A2C42BD444C100C1F915 /* Preview Assets.xcassets in Resources */ = {isa = PBXBuildFile; fileRef = 43E0A2C32BD444C100C1F915 /* Preview Assets.xcassets */; };
		43E0A2CC2BD4454900C1F915 /* SocketIO in Frameworks */ = {isa = PBXBuildFile; productRef = 43E0A2CB2BD4454900C1F915 /* SocketIO */; };
		43E0A2CE2BD4463700C1F915 /* TSocketIO.swift in Sources */ = {isa = PBXBuildFile; fileRef = 43E0A2CD2BD4463700C1F915 /* TSocketIO.swift */; };
		43E0A2D02BD50C3C00C1F915 /* TLineDrawingWid.swift in Sources */ = {isa = PBXBuildFile; fileRef = 43E0A2CF2BD50C3C00C1F915 /* TLineDrawingWid.swift */; };
/* End PBXBuildFile section */

/* Begin PBXFileReference section */
		43787C392BD9849E0015C536 /* TBtnExtension.swift */ = {isa = PBXFileReference; lastKnownFileType = sourcecode.swift; path = TBtnExtension.swift; sourceTree = "<group>"; };
		43E0A2B82BD444BD00C1F915 /* SocketIoDemo.app */ = {isa = PBXFileReference; explicitFileType = wrapper.application; includeInIndex = 0; path = SocketIoDemo.app; sourceTree = BUILT_PRODUCTS_DIR; };
		43E0A2BB2BD444BD00C1F915 /* SocketIoDemoApp.swift */ = {isa = PBXFileReference; lastKnownFileType = sourcecode.swift; path = SocketIoDemoApp.swift; sourceTree = "<group>"; };
		43E0A2BD2BD444BD00C1F915 /* ContentView.swift */ = {isa = PBXFileReference; lastKnownFileType = sourcecode.swift; path = ContentView.swift; sourceTree = "<group>"; };
		43E0A2BF2BD444C100C1F915 /* Assets.xcassets */ = {isa = PBXFileReference; lastKnownFileType = folder.assetcatalog; path = Assets.xcassets; sourceTree = "<group>"; };
		43E0A2C12BD444C100C1F915 /* SocketIoDemo.entitlements */ = {isa = PBXFileReference; lastKnownFileType = text.plist.entitlements; path = SocketIoDemo.entitlements; sourceTree = "<group>"; };
		43E0A2C32BD444C100C1F915 /* Preview Assets.xcassets */ = {isa = PBXFileReference; lastKnownFileType = folder.assetcatalog; path = "Preview Assets.xcassets"; sourceTree = "<group>"; };
		43E0A2CD2BD4463700C1F915 /* TSocketIO.swift */ = {isa = PBXFileReference; lastKnownFileType = sourcecode.swift; path = TSocketIO.swift; sourceTree = "<group>"; };
		43E0A2CF2BD50C3C00C1F915 /* TLineDrawingWid.swift */ = {isa = PBXFileReference; lastKnownFileType = sourcecode.swift; path = TLineDrawingWid.swift; sourceTree = "<group>"; };
/* End PBXFileReference section */

/* Begin PBXFrameworksBuildPhase section */
		43E0A2B52BD444BD00C1F915 /* Frameworks */ = {
			isa = PBXFrameworksBuildPhase;
			buildActionMask = 2147483647;
			files = (
				43E0A2CC2BD4454900C1F915 /* SocketIO in Frameworks */,
			);
			runOnlyForDeploymentPostprocessing = 0;
		};
/* End PBXFrameworksBuildPhase section */

/* Begin PBXGroup section */
		43787C3B2BD984A70015C536 /* Extensions */ = {
			isa = PBXGroup;
			children = (
				43787C392BD9849E0015C536 /* TBtnExtension.swift */,
			);
			path = Extensions;
			sourceTree = "<group>";
		};
		43E0A2AF2BD444BD00C1F915 = {
			isa = PBXGroup;
			children = (
				43E0A2BA2BD444BD00C1F915 /* SocketIoDemo */,
				43E0A2B92BD444BD00C1F915 /* Products */,
			);
			sourceTree = "<group>";
		};
		43E0A2B92BD444BD00C1F915 /* Products */ = {
			isa = PBXGroup;
			children = (
				43E0A2B82BD444BD00C1F915 /* SocketIoDemo.app */,
			);
			name = Products;
			sourceTree = "<group>";
		};
		43E0A2BA2BD444BD00C1F915 /* SocketIoDemo */ = {
			isa = PBXGroup;
			children = (
				43E0A2BB2BD444BD00C1F915 /* SocketIoDemoApp.swift */,
				43E0A2BD2BD444BD00C1F915 /* ContentView.swift */,
				43787C3B2BD984A70015C536 /* Extensions */,
				43E0A2CF2BD50C3C00C1F915 /* TLineDrawingWid.swift */,
				43E0A2CD2BD4463700C1F915 /* TSocketIO.swift */,
				43E0A2BF2BD444C100C1F915 /* Assets.xcassets */,
				43E0A2C12BD444C100C1F915 /* SocketIoDemo.entitlements */,
				43E0A2C22BD444C100C1F915 /* Preview Content */,
			);
			path = SocketIoDemo;
			sourceTree = "<group>";
		};
		43E0A2C22BD444C100C1F915 /* Preview Content */ = {
			isa = PBXGroup;
			children = (
				43E0A2C32BD444C100C1F915 /* Preview Assets.xcassets */,
			);
			path = "Preview Content";
			sourceTree = "<group>";
		};
/* End PBXGroup section */

/* Begin PBXNativeTarget section */
		43E0A2B72BD444BD00C1F915 /* SocketIoDemo */ = {
			isa = PBXNativeTarget;
			buildConfigurationList = 43E0A2C72BD444C100C1F915 /* Build configuration list for PBXNativeTarget "SocketIoDemo" */;
			buildPhases = (
				43E0A2B42BD444BD00C1F915 /* Sources */,
				43E0A2B52BD444BD00C1F915 /* Frameworks */,
				43E0A2B62BD444BD00C1F915 /* Resources */,
			);
			buildRules = (
			);
			dependencies = (
			);
			name = SocketIoDemo;
			packageProductDependencies = (
				43E0A2CB2BD4454900C1F915 /* SocketIO */,
			);
			productName = SocketIoDemo;
			productReference = 43E0A2B82BD444BD00C1F915 /* SocketIoDemo.app */;
			productType = "com.apple.product-type.application";
		};
/* End PBXNativeTarget section */

/* Begin PBXProject section */
		43E0A2B02BD444BD00C1F915 /* Project object */ = {
			isa = PBXProject;
			attributes = {
				BuildIndependentTargetsInParallel = 1;
				LastSwiftUpdateCheck = 1530;
				LastUpgradeCheck = 1530;
				TargetAttributes = {
					43E0A2B72BD444BD00C1F915 = {
						CreatedOnToolsVersion = 15.3;
					};
				};
			};
			buildConfigurationList = 43E0A2B32BD444BD00C1F915 /* Build configuration list for PBXProject "SocketIoDemo" */;
			compatibilityVersion = "Xcode 14.0";
			developmentRegion = en;
			hasScannedForEncodings = 0;
			knownRegions = (
				en,
				Base,
			);
			mainGroup = 43E0A2AF2BD444BD00C1F915;
			packageReferences = (
				43E0A2CA2BD4454900C1F915 /* XCRemoteSwiftPackageReference "socket.io-client-swift" */,
			);
			productRefGroup = 43E0A2B92BD444BD00C1F915 /* Products */;
			projectDirPath = "";
			projectRoot = "";
			targets = (
				43E0A2B72BD444BD00C1F915 /* SocketIoDemo */,
			);
		};
/* End PBXProject section */

/* Begin PBXResourcesBuildPhase section */
		43E0A2B62BD444BD00C1F915 /* Resources */ = {
			isa = PBXResourcesBuildPhase;
			buildActionMask = 2147483647;
			files = (
				43E0A2C42BD444C100C1F915 /* Preview Assets.xcassets in Resources */,
				43E0A2C02BD444C100C1F915 /* Assets.xcassets in Resources */,
			);
			runOnlyForDeploymentPostprocessing = 0;
		};
/* End PBXResourcesBuildPhase section */

/* Begin PBXSourcesBuildPhase section */
		43E0A2B42BD444BD00C1F915 /* Sources */ = {
			isa = PBXSourcesBuildPhase;
			buildActionMask = 2147483647;
			files = (
				43E0A2D02BD50C3C00C1F915 /* TLineDrawingWid.swift in Sources */,
				43E0A2BE2BD444BD00C1F915 /* ContentView.swift in Sources */,
				43787C3A2BD9849E0015C536 /* TBtnExtension.swift in Sources */,
				43E0A2CE2BD4463700C1F915 /* TSocketIO.swift in Sources */,
				43E0A2BC2BD444BD00C1F915 /* SocketIoDemoApp.swift in Sources */,
			);
			runOnlyForDeploymentPostprocessing = 0;
		};
/* End PBXSourcesBuildPhase section */

/* Begin XCBuildConfiguration section */
		43E0A2C52BD444C100C1F915 /* Debug */ = {
			isa = XCBuildConfiguration;
			buildSettings = {
				ALWAYS_SEARCH_USER_PATHS = NO;
				ASSETCATALOG_COMPILER_GENERATE_SWIFT_ASSET_SYMBOL_EXTENSIONS = YES;
				CLANG_ANALYZER_NONNULL = YES;
				CLANG_ANALYZER_NUMBER_OBJECT_CONVERSION = YES_AGGRESSIVE;
				CLANG_CXX_LANGUAGE_STANDARD = "gnu++20";
				CLANG_ENABLE_MODULES = YES;
				CLANG_ENABLE_OBJC_ARC = YES;
				CLANG_ENABLE_OBJC_WEAK = YES;
				CLANG_WARN_BLOCK_CAPTURE_AUTORELEASING = YES;
				CLANG_WARN_BOOL_CONVERSION = YES;
				CLANG_WARN_COMMA = YES;
				CLANG_WARN_CONSTANT_CONVERSION = YES;
				CLANG_WARN_DEPRECATED_OBJC_IMPLEMENTATIONS = YES;
				CLANG_WARN_DIRECT_OBJC_ISA_USAGE = YES_ERROR;
				CLANG_WARN_DOCUMENTATION_COMMENTS = YES;
				CLANG_WARN_EMPTY_BODY = YES;
				CLANG_WARN_ENUM_CONVERSION = YES;
				CLANG_WARN_INFINITE_RECURSION = YES;
				CLANG_WARN_INT_CONVERSION = YES;
				CLANG_WARN_NON_LITERAL_NULL_CONVERSION = YES;
				CLANG_WARN_OBJC_IMPLICIT_RETAIN_SELF = YES;
				CLANG_WARN_OBJC_LITERAL_CONVERSION = YES;
				CLANG_WARN_OBJC_ROOT_CLASS = YES_ERROR;
				CLANG_WARN_QUOTED_INCLUDE_IN_FRAMEWORK_HEADER = YES;
				CLANG_WARN_RANGE_LOOP_ANALYSIS = YES;
				CLANG_WARN_STRICT_PROTOTYPES = YES;
				CLANG_WARN_SUSPICIOUS_MOVE = YES;
				CLANG_WARN_UNGUARDED_AVAILABILITY = YES_AGGRESSIVE;
				CLANG_WARN_UNREACHABLE_CODE = YES;
				CLANG_WARN__DUPLICATE_METHOD_MATCH = YES;
				COPY_PHASE_STRIP = NO;
				DEBUG_INFORMATION_FORMAT = dwarf;
				ENABLE_STRICT_OBJC_MSGSEND = YES;
				ENABLE_TESTABILITY = YES;
				ENABLE_USER_SCRIPT_SANDBOXING = YES;
				GCC_C_LANGUAGE_STANDARD = gnu17;
				GCC_DYNAMIC_NO_PIC = NO;
				GCC_NO_COMMON_BLOCKS = YES;
				GCC_OPTIMIZATION_LEVEL = 0;
				GCC_PREPROCESSOR_DEFINITIONS = (
					"DEBUG=1",
					"$(inherited)",
				);
				GCC_WARN_64_TO_32_BIT_CONVERSION = YES;
				GCC_WARN_ABOUT_RETURN_TYPE = YES_ERROR;
				GCC_WARN_UNDECLARED_SELECTOR = YES;
				GCC_WARN_UNINITIALIZED_AUTOS = YES_AGGRESSIVE;
				GCC_WARN_UNUSED_FUNCTION = YES;
				GCC_WARN_UNUSED_VARIABLE = YES;
				LOCALIZATION_PREFERS_STRING_CATALOGS = YES;
				MTL_ENABLE_DEBUG_INFO = INCLUDE_SOURCE;
				MTL_FAST_MATH = YES;
				ONLY_ACTIVE_ARCH = YES;
				SWIFT_ACTIVE_COMPILATION_CONDITIONS = "DEBUG $(inherited)";
				SWIFT_OPTIMIZATION_LEVEL = "-Onone";
			};
			name = Debug;
		};
		43E0A2C62BD444C100C1F915 /* Release */ = {
			isa = XCBuildConfiguration;
			buildSettings = {
				ALWAYS_SEARCH_USER_PATHS = NO;
				ASSETCATALOG_COMPILER_GENERATE_SWIFT_ASSET_SYMBOL_EXTENSIONS = YES;
				CLANG_ANALYZER_NONNULL = YES;
				CLANG_ANALYZER_NUMBER_OBJECT_CONVERSION = YES_AGGRESSIVE;
				CLANG_CXX_LANGUAGE_STANDARD = "gnu++20";
				CLANG_ENABLE_MODULES = YES;
				CLANG_ENABLE_OBJC_ARC = YES;
				CLANG_ENABLE_OBJC_WEAK = YES;
				CLANG_WARN_BLOCK_CAPTURE_AUTORELEASING = YES;
				CLANG_WARN_BOOL_CONVERSION = YES;
				CLANG_WARN_COMMA = YES;
				CLANG_WARN_CONSTANT_CONVERSION = YES;
				CLANG_WARN_DEPRECATED_OBJC_IMPLEMENTATIONS = YES;
				CLANG_WARN_DIRECT_OBJC_ISA_USAGE = YES_ERROR;
				CLANG_WARN_DOCUMENTATION_COMMENTS = YES;
				CLANG_WARN_EMPTY_BODY = YES;
				CLANG_WARN_ENUM_CONVERSION = YES;
				CLANG_WARN_INFINITE_RECURSION = YES;
				CLANG_WARN_INT_CONVERSION = YES;
				CLANG_WARN_NON_LITERAL_NULL_CONVERSION = YES;
				CLANG_WARN_OBJC_IMPLICIT_RETAIN_SELF = YES;
				CLANG_WARN_OBJC_LITERAL_CONVERSION = YES;
				CLANG_WARN_OBJC_ROOT_CLASS = YES_ERROR;
				CLANG_WARN_QUOTED_INCLUDE_IN_FRAMEWORK_HEADER = YES;
				CLANG_WARN_RANGE_LOOP_ANALYSIS = YES;
				CLANG_WARN_STRICT_PROTOTYPES = YES;
				CLANG_WARN_SUSPICIOUS_MOVE = YES;
				CLANG_WARN_UNGUARDED_AVAILABILITY = YES_AGGRESSIVE;
				CLANG_WARN_UNREACHABLE_CODE = YES;
				CLANG_WARN__DUPLICATE_METHOD_MATCH = YES;
				COPY_PHASE_STRIP = NO;
				DEBUG_INFORMATION_FORMAT = "dwarf-with-dsym";
				ENABLE_NS_ASSERTIONS = NO;
				ENABLE_STRICT_OBJC_MSGSEND = YES;
				ENABLE_USER_SCRIPT_SANDBOXING = YES;
				GCC_C_LANGUAGE_STANDARD = gnu17;
				GCC_NO_COMMON_BLOCKS = YES;
				GCC_WARN_64_TO_32_BIT_CONVERSION = YES;
				GCC_WARN_ABOUT_RETURN_TYPE = YES_ERROR;
				GCC_WARN_UNDECLARED_SELECTOR = YES;
				GCC_WARN_UNINITIALIZED_AUTOS = YES_AGGRESSIVE;
				GCC_WARN_UNUSED_FUNCTION = YES;
				GCC_WARN_UNUSED_VARIABLE = YES;
				LOCALIZATION_PREFERS_STRING_CATALOGS = YES;
				MTL_ENABLE_DEBUG_INFO = NO;
				MTL_FAST_MATH = YES;
				SWIFT_COMPILATION_MODE = wholemodule;
			};
			name = Release;
		};
		43E0A2C82BD444C100C1F915 /* Debug */ = {
			isa = XCBuildConfiguration;
			buildSettings = {
				ASSETCATALOG_COMPILER_APPICON_NAME = AppIcon;
				ASSETCATALOG_COMPILER_GLOBAL_ACCENT_COLOR_NAME = AccentColor;
				CODE_SIGN_ENTITLEMENTS = SocketIoDemo/SocketIoDemo.entitlements;
				CODE_SIGN_STYLE = Automatic;
				CURRENT_PROJECT_VERSION = 1;
				DEVELOPMENT_ASSET_PATHS = "\"SocketIoDemo/Preview Content\"";
				DEVELOPMENT_TEAM = 5XK724N8WG;
				ENABLE_HARDENED_RUNTIME = YES;
				ENABLE_PREVIEWS = YES;
				GENERATE_INFOPLIST_FILE = YES;
				INFOPLIST_KEY_NSLocalNetworkUsageDescription = "App want to use network....";
				"INFOPLIST_KEY_UIApplicationSceneManifest_Generation[sdk=iphoneos*]" = YES;
				"INFOPLIST_KEY_UIApplicationSceneManifest_Generation[sdk=iphonesimulator*]" = YES;
				"INFOPLIST_KEY_UIApplicationSupportsIndirectInputEvents[sdk=iphoneos*]" = YES;
				"INFOPLIST_KEY_UIApplicationSupportsIndirectInputEvents[sdk=iphonesimulator*]" = YES;
				"INFOPLIST_KEY_UILaunchScreen_Generation[sdk=iphoneos*]" = YES;
				"INFOPLIST_KEY_UILaunchScreen_Generation[sdk=iphonesimulator*]" = YES;
				"INFOPLIST_KEY_UIStatusBarStyle[sdk=iphoneos*]" = UIStatusBarStyleDefault;
				"INFOPLIST_KEY_UIStatusBarStyle[sdk=iphonesimulator*]" = UIStatusBarStyleDefault;
				INFOPLIST_KEY_UISupportedInterfaceOrientations_iPad = "UIInterfaceOrientationPortrait UIInterfaceOrientationPortraitUpsideDown UIInterfaceOrientationLandscapeLeft UIInterfaceOrientationLandscapeRight";
				INFOPLIST_KEY_UISupportedInterfaceOrientations_iPhone = "UIInterfaceOrientationPortrait UIInterfaceOrientationLandscapeLeft UIInterfaceOrientationLandscapeRight";
				IPHONEOS_DEPLOYMENT_TARGET = 17.4;
				LD_RUNPATH_SEARCH_PATHS = "@executable_path/Frameworks";
				"LD_RUNPATH_SEARCH_PATHS[sdk=macosx*]" = "@executable_path/../Frameworks";
				MACOSX_DEPLOYMENT_TARGET = 14.4;
				MARKETING_VERSION = 1.0;
				PRODUCT_BUNDLE_IDENTIFIER = com.tootzoe.SocketIoDemo;
				PRODUCT_NAME = "$(TARGET_NAME)";
				SDKROOT = auto;
				SUPPORTED_PLATFORMS = "iphoneos iphonesimulator macosx";
				SWIFT_EMIT_LOC_STRINGS = YES;
				SWIFT_VERSION = 5.0;
				TARGETED_DEVICE_FAMILY = "1,2";
			};
			name = Debug;
		};
		43E0A2C92BD444C100C1F915 /* Release */ = {
			isa = XCBuildConfiguration;
			buildSettings = {
				ASSETCATALOG_COMPILER_APPICON_NAME = AppIcon;
				ASSETCATALOG_COMPILER_GLOBAL_ACCENT_COLOR_NAME = AccentColor;
				CODE_SIGN_ENTITLEMENTS = SocketIoDemo/SocketIoDemo.entitlements;
				CODE_SIGN_STYLE = Automatic;
				CURRENT_PROJECT_VERSION = 1;
				DEVELOPMENT_ASSET_PATHS = "\"SocketIoDemo/Preview Content\"";
				DEVELOPMENT_TEAM = 5XK724N8WG;
				ENABLE_HARDENED_RUNTIME = YES;
				ENABLE_PREVIEWS = YES;
				GENERATE_INFOPLIST_FILE = YES;
				INFOPLIST_KEY_NSLocalNetworkUsageDescription = "App want to use network....";
				"INFOPLIST_KEY_UIApplicationSceneManifest_Generation[sdk=iphoneos*]" = YES;
				"INFOPLIST_KEY_UIApplicationSceneManifest_Generation[sdk=iphonesimulator*]" = YES;
				"INFOPLIST_KEY_UIApplicationSupportsIndirectInputEvents[sdk=iphoneos*]" = YES;
				"INFOPLIST_KEY_UIApplicationSupportsIndirectInputEvents[sdk=iphonesimulator*]" = YES;
				"INFOPLIST_KEY_UILaunchScreen_Generation[sdk=iphoneos*]" = YES;
				"INFOPLIST_KEY_UILaunchScreen_Generation[sdk=iphonesimulator*]" = YES;
				"INFOPLIST_KEY_UIStatusBarStyle[sdk=iphoneos*]" = UIStatusBarStyleDefault;
				"INFOPLIST_KEY_UIStatusBarStyle[sdk=iphonesimulator*]" = UIStatusBarStyleDefault;
				INFOPLIST_KEY_UISupportedInterfaceOrientations_iPad = "UIInterfaceOrientationPortrait UIInterfaceOrientationPortraitUpsideDown UIInterfaceOrientationLandscapeLeft UIInterfaceOrientationLandscapeRight";
				INFOPLIST_KEY_UISupportedInterfaceOrientations_iPhone = "UIInterfaceOrientationPortrait UIInterfaceOrientationLandscapeLeft UIInterfaceOrientationLandscapeRight";
				IPHONEOS_DEPLOYMENT_TARGET = 17.4;
				LD_RUNPATH_SEARCH_PATHS = "@executable_path/Frameworks";
				"LD_RUNPATH_SEARCH_PATHS[sdk=macosx*]" = "@executable_path/../Frameworks";
				MACOSX_DEPLOYMENT_TARGET = 14.4;
				MARKETING_VERSION = 1.0;
				PRODUCT_BUNDLE_IDENTIFIER = com.tootzoe.SocketIoDemo;
				PRODUCT_NAME = "$(TARGET_NAME)";
				SDKROOT = auto;
				SUPPORTED_PLATFORMS = "iphoneos iphonesimulator macosx";
				SWIFT_EMIT_LOC_STRINGS = YES;
				SWIFT_VERSION = 5.0;
				TARGETED_DEVICE_FAMILY = "1,2";
			};
			name = Release;
		};
/* End XCBuildConfiguration section */

/* Begin XCConfigurationList section */
		43E0A2B32BD444BD00C1F915 /* Build configuration list for PBXProject "SocketIoDemo" */ = {
			isa = XCConfigurationList;
			buildConfigurations = (
				43E0A2C52BD444C100C1F915 /* Debug */,
				43E0A2C62BD444C100C1F915 /* Release */,
			);
			defaultConfigurationIsVisible = 0;
			defaultConfigurationName = Release;
		};
		43E0A2C72BD444C100C1F915 /* Build configuration list for PBXNativeTarget "SocketIoDemo" */ = {
			isa = XCConfigurationList;
			buildConfigurations = (
				43E0A2C82BD444C100C1F915 /* Debug */,
				43E0A2C92BD444C100C1F915 /* Release */,
			);
			defaultConfigurationIsVisible = 0;
			defaultConfigurationName = Release;
		};
/* End XCConfigurationList section */

/* Begin XCRemoteSwiftPackageReference section */
		43E0A2CA2BD4454900C1F915 /* XCRemoteSwiftPackageReference "socket.io-client-swift" */ = {
			isa = XCRemoteSwiftPackageReference;
			repositoryURL = "https://github.com/socketio/socket.io-client-swift.git";
			requirement = {
				branch = master;
				kind = branch;
			};
		};
/* End XCRemoteSwiftPackageReference section */

/* Begin XCSwiftPackageProductDependency section */
		43E0A2CB2BD4454900C1F915 /* SocketIO */ = {
			isa = XCSwiftPackageProductDependency;
			package = 43E0A2CA2BD4454900C1F915 /* XCRemoteSwiftPackageReference "socket.io-client-swift" */;
			productName = SocketIO;
		};
/* End XCSwiftPackageProductDependency section */
	};
	rootObject = 43E0A2B02BD444BD00C1F915 /* Project object */;
}
